// !$*UTF8*$!
{
	archiveVersion = 1;
	classes = {
	};
	objectVersion = 46;
	objects = {

/* Begin PBXBuildFile section */
		541820E31CB793B7001A780A /* AppDelegate.swift in Sources */ = {isa = PBXBuildFile; fileRef = 541820E21CB793B7001A780A /* AppDelegate.swift */; };
		541820E51CB793B7001A780A /* ViewController.swift in Sources */ = {isa = PBXBuildFile; fileRef = 541820E41CB793B7001A780A /* ViewController.swift */; };
		541820E81CB793B7001A780A /* Main.storyboard in Resources */ = {isa = PBXBuildFile; fileRef = 541820E61CB793B7001A780A /* Main.storyboard */; };
		541820EA1CB793B7001A780A /* Assets.xcassets in Resources */ = {isa = PBXBuildFile; fileRef = 541820E91CB793B7001A780A /* Assets.xcassets */; };
		541820ED1CB793B7001A780A /* LaunchScreen.storyboard in Resources */ = {isa = PBXBuildFile; fileRef = 541820EB1CB793B7001A780A /* LaunchScreen.storyboard */; };
/* End PBXBuildFile section */

/* Begin PBXFileReference section */
		541820DF1CB793B7001A780A /* StopTheBus.app */ = {isa = PBXFileReference; explicitFileType = wrapper.application; includeInIndex = 0; path = StopTheBus.app; sourceTree = BUILT_PRODUCTS_DIR; };
		541820E21CB793B7001A780A /* AppDelegate.swift */ = {isa = PBXFileReference; lastKnownFileType = sourcecode.swift; path = AppDelegate.swift; sourceTree = "<group>"; };
		541820E41CB793B7001A780A /* ViewController.swift */ = {isa = PBXFileReference; lastKnownFileType = sourcecode.swift; path = ViewController.swift; sourceTree = "<group>"; };
		541820E71CB793B7001A780A /* Base */ = {isa = PBXFileReference; lastKnownFileType = file.storyboard; name = Base; path = Base.lproj/Main.storyboard; sourceTree = "<group>"; };
		541820E91CB793B7001A780A /* Assets.xcassets */ = {isa = PBXFileReference; lastKnownFileType = folder.assetcatalog; path = Assets.xcassets; sourceTree = "<group>"; };
		541820EC1CB793B7001A780A /* Base */ = {isa = PBXFileReference; lastKnownFileType = file.storyboard; name = Base; path = Base.lproj/LaunchScreen.storyboard; sourceTree = "<group>"; };
		541820EE1CB793B7001A780A /* Info.plist */ = {isa = PBXFileReference; lastKnownFileType = text.plist.xml; path = Info.plist; sourceTree = "<group>"; };
/* End PBXFileReference section */

/* Begin PBXFrameworksBuildPhase section */
		541820DC1CB793B7001A780A /* Frameworks */ = {
			isa = PBXFrameworksBuildPhase;
			buildActionMask = 2147483647;
			files = (
			);
			runOnlyForDeploymentPostprocessing = 0;
		};
/* End PBXFrameworksBuildPhase section */

/* Begin PBXGroup section */
		541820D61CB793B7001A780A = {
			isa = PBXGroup;
			children = (
				541820E11CB793B7001A780A /* StopTheBus */,
				541820E01CB793B7001A780A /* Products */,
			);
			sourceTree = "<group>";
		};
		541820E01CB793B7001A780A /* Products */ = {
			isa = PBXGroup;
			children = (
				541820DF1CB793B7001A780A /* StopTheBus.app */,
			);
			name = Products;
			sourceTree = "<group>";
		};
		541820E11CB793B7001A780A /* StopTheBus */ = {
			isa = PBXGroup;
			children = (
				541820E21CB793B7001A780A /* AppDelegate.swift */,
				541820E41CB793B7001A780A /* ViewController.swift */,
				541820E61CB793B7001A780A /* Main.storyboard */,
				541820E91CB793B7001A780A /* Assets.xcassets */,
				541820EB1CB793B7001A780A /* LaunchScreen.storyboard */,
				541820EE1CB793B7001A780A /* Info.plist */,
			);
			path = StopTheBus;
			sourceTree = "<group>";
		};
/* End PBXGroup section */

/* Begin PBXNativeTarget section */
		541820DE1CB793B7001A780A /* StopTheBus */ = {
			isa = PBXNativeTarget;
			buildConfigurationList = 541820F11CB793B7001A780A /* Build configuration list for PBXNativeTarget "StopTheBus" */;
			buildPhases = (
				541820DB1CB793B7001A780A /* Sources */,
				541820DC1CB793B7001A780A /* Frameworks */,
				541820DD1CB793B7001A780A /* Resources */,
			);
			buildRules = (
			);
			dependencies = (
			);
			name = StopTheBus;
			productName = StopTheBus;
			productReference = 541820DF1CB793B7001A780A /* StopTheBus.app */;
			productType = "com.apple.product-type.application";
		};
/* End PBXNativeTarget section */

/* Begin PBXProject section */
		541820D71CB793B7001A780A /* Project object */ = {
			isa = PBXProject;
			attributes = {
				LastSwiftUpdateCheck = 0720;
				LastUpgradeCheck = 0720;
				ORGANIZATIONNAME = "Vasiliy Kotsiuba";
				TargetAttributes = {
					541820DE1CB793B7001A780A = {
						CreatedOnToolsVersion = 7.2.1;
						DevelopmentTeam = PQRWZFL26C;
					};
				};
			};
			buildConfigurationList = 541820DA1CB793B7001A780A /* Build configuration list for PBXProject "StopTheBus" */;
			compatibilityVersion = "Xcode 3.2";
			developmentRegion = English;
			hasScannedForEncodings = 0;
			knownRegions = (
				en,
				Base,
			);
			mainGroup = 541820D61CB793B7001A780A;
			productRefGroup = 541820E01CB793B7001A780A /* Products */;
			projectDirPath = "";
			projectRoot = "";
			targets = (
				541820DE1CB793B7001A780A /* StopTheBus */,
			);
		};
/* End PBXProject section */

/* Begin PBXResourcesBuildPhase section */
		541820DD1CB793B7001A780A /* Resources */ = {
			isa = PBXResourcesBuildPhase;
			buildActionMask = 2147483647;
			files = (
				541820ED1CB793B7001A780A /* LaunchScreen.storyboard in Resources */,
				541820EA1CB793B7001A780A /* Assets.xcassets in Resources */,
				541820E81CB793B7001A780A /* Main.storyboard in Resources */,
			);
			runOnlyForDeploymentPostprocessing = 0;
		};
/* End PBXResourcesBuildPhase section */

/* Begin PBXSourcesBuildPhase section */
		541820DB1CB793B7001A780A /* Sources */ = {
			isa = PBXSourcesBuildPhase;
			buildActionMask = 2147483647;
			files = (
				541820E51CB793B7001A780A /* ViewController.swift in Sources */,
				541820E31CB793B7001A780A /* AppDelegate.swift in Sources */,
			);
			runOnlyForDeploymentPostprocessing = 0;
		};
/* End PBXSourcesBuildPhase section */

/* Begin PBXVariantGroup section */
		541820E61CB793B7001A780A /* Main.storyboard */ = {
			isa = PBXVariantGroup;
			children = (
				541820E71CB793B7001A780A /* Base */,
			);
			name = Main.storyboard;
			sourceTree = "<group>";
		};
		541820EB1CB793B7001A780A /* LaunchScreen.storyboard */ = {
			isa = PBXVariantGroup;
			children = (
				541820EC1CB793B7001A780A /* Base */,
			);
			name = LaunchScreen.storyboard;
			sourceTree = "<group>";
		};
/* End PBXVariantGroup section */

/* Begin XCBuildConfiguration section */
		541820EF1CB793B7001A780A /* Debug */ = {
			isa = XCBuildConfiguration;
			buildSettings = {
				ALWAYS_SEARCH_USER_PATHS = NO;
				CLANG_CXX_LANGUAGE_STANDARD = "gnu++0x";
				CLANG_CXX_LIBRARY = "libc++";
				CLANG_ENABLE_MODULES = YES;
				CLANG_ENABLE_OBJC_ARC = YES;
				CLANG_WARN_BOOL_CONVERSION = YES;
				CLANG_WARN_CONSTANT_CONVERSION = YES;
				CLANG_WARN_DIRECT_OBJC_ISA_USAGE = YES_ERROR;
				CLANG_WARN_EMPTY_BODY = YES;
				CLANG_WARN_ENUM_CONVERSION = YES;
				CLANG_WARN_INT_CONVERSION = YES;
				CLANG_WARN_OBJC_ROOT_CLASS = YES_ERROR;
				CLANG_WARN_UNREACHABLE_CODE = YES;
				CLANG_WARN__DUPLICATE_METHOD_MATCH = YES;
				"CODE_SIGN_IDENTITY[sdk=iphoneos*]" = "iPhone Developer";
				COPY_PHASE_STRIP = NO;
				DEBUG_INFORMATION_FORMAT = dwarf;
				ENABLE_STRICT_OBJC_MSGSEND = YES;
				ENABLE_TESTABILITY = YES;
				GCC_C_LANGUAGE_STANDARD = gnu99;
				GCC_DYNAMIC_NO_PIC = NO;
				GCC_NO_COMMON_BLOCKS = YES;
				GCC_OPTIMIZATION_LEVEL = 0;
				GCC_PREPROCESSOR_DEFINITIONS = (
					"DEBUG=1",
					"$(inherited)",
				);
				GCC_WARN_64_TO_32_BIT_CONVERSION = YES;
				GCC_WARN_ABOUT_RETURN_TYPE = YES_ERROR;
				GCC_WARN_UNDECLARED_SELECTOR = YES;
				GCC_WARN_UNINITIALIZED_AUTOS = YES_AGGRESSIVE;
				GCC_WARN_UNUSED_FUNCTION = YES;
				GCC_WARN_UNUSED_VARIABLE = YES;
				IPHONEOS_DEPLOYMENT_TARGET = 9.2;
				MTL_ENABLE_DEBUG_INFO = YES;
				ONLY_ACTIVE_ARCH = YES;
				SDKROOT = iphoneos;
				SWIFT_OPTIMIZATION_LEVEL = "-Onone";
			};
			name = Debug;
		};
		541820F01CB793B7001A780A /* Release */ = {
			isa = XCBuildConfiguration;
			buildSettings = {
				ALWAYS_SEARCH_USER_PATHS = NO;
				CLANG_CXX_LANGUAGE_STANDARD = "gnu++0x";
				CLANG_CXX_LIBRARY = "libc++";
				CLANG_ENABLE_MODULES = YES;
				CLANG_ENABLE_OBJC_ARC = YES;
				CLANG_WARN_BOOL_CONVERSION = YES;
				CLANG_WARN_CONSTANT_CONVERSION = YES;
				CLANG_WARN_DIRECT_OBJC_ISA_USAGE = YES_ERROR;
				CLANG_WARN_EMPTY_BODY = YES;
				CLANG_WARN_ENUM_CONVERSION = YES;
				CLANG_WARN_INT_CONVERSION = YES;
				CLANG_WARN_OBJC_ROOT_CLASS = YES_ERROR;
				CLANG_WARN_UNREACHABLE_CODE = YES;
				CLANG_WARN__DUPLICATE_METHOD_MATCH = YES;
				"CODE_SIGN_IDENTITY[sdk=iphoneos*]" = "iPhone Developer";
				COPY_PHASE_STRIP = NO;
				DEBUG_INFORMATION_FORMAT = "dwarf-with-dsym";
				ENABLE_NS_ASSERTIONS = NO;
				ENABLE_STRICT_OBJC_MSGSEND = YES;
				GCC_C_LANGUAGE_STANDARD = gnu99;
				GCC_NO_COMMON_BLOCKS = YES;
				GCC_WARN_64_TO_32_BIT_CONVERSION = YES;
				GCC_WARN_ABOUT_RETURN_TYPE = YES_ERROR;
				GCC_WARN_UNDECLARED_SELECTOR = YES;
				GCC_WARN_UNINITIALIZED_AUTOS = YES_AGGRESSIVE;
				GCC_WARN_UNUSED_FUNCTION = YES;
				GCC_WARN_UNUSED_VARIABLE = YES;
				IPHONEOS_DEPLOYMENT_TARGET = 9.2;
				MTL_ENABLE_DEBUG_INFO = NO;
				SDKROOT = iphoneos;
				VALIDATE_PRODUCT = YES;
			};
			name = Release;
		};
		541820F21CB793B7001A780A /* Debug */ = {
			isa = XCBuildConfiguration;
			buildSettings = {
				ASSETCATALOG_COMPILER_APPICON_NAME = AppIcon;
				CODE_SIGN_IDENTITY = "iPhone Developer";
				INFOPLIST_FILE = StopTheBus/Info.plist;
				LD_RUNPATH_SEARCH_PATHS = "$(inherited) @executable_path/Frameworks";
				PRODUCT_BUNDLE_IDENTIFIER = com.vk.StopTheBus;
				PRODUCT_NAME = "$(TARGET_NAME)";
			};
			name = Debug;
		};
		541820F31CB793B7001A780A /* Release */ = {
			isa = XCBuildConfiguration;
			buildSettings = {
				ASSETCATALOG_COMPILER_APPICON_NAME = AppIcon;
				CODE_SIGN_IDENTITY = "iPhone Developer";
				INFOPLIST_FILE = StopTheBus/Info.plist;
				LD_RUNPATH_SEARCH_PATHS = "$(inherited) @executable_path/Frameworks";
				PRODUCT_BUNDLE_IDENTIFIER = com.vk.StopTheBus;
				PRODUCT_NAME = "$(TARGET_NAME)";
			};
			name = Release;
		};
/* End XCBuildConfiguration section */

/* Begin XCConfigurationList section */
		541820DA1CB793B7001A780A /* Build configuration list for PBXProject "StopTheBus" */ = {
			isa = XCConfigurationList;
			buildConfigurations = (
				541820EF1CB793B7001A780A /* Debug */,
				541820F01CB793B7001A780A /* Release */,
			);
			defaultConfigurationIsVisible = 0;
			defaultConfigurationName = Release;
		};
		541820F11CB793B7001A780A /* Build configuration list for PBXNativeTarget "StopTheBus" */ = {
			isa = XCConfigurationList;
			buildConfigurations = (
				541820F21CB793B7001A780A /* Debug */,
				541820F31CB793B7001A780A /* Release */,
			);
			defaultConfigurationIsVisible = 0;
		};
/* End XCConfigurationList section */
	};
	rootObject = 541820D71CB793B7001A780A /* Project object */;
}
